// !$*UTF8*$!
{
	archiveVersion = 1;
	classes = {
	};
	objectVersion = 56;
	objects = {

/* Begin PBXBuildFile section */
		39C01AD22B1962B700D5FEF0 /* EventsExplorerApp.swift in Sources */ = {isa = PBXBuildFile; fileRef = 39C01AD12B1962B700D5FEF0 /* EventsExplorerApp.swift */; };
		39C01AD42B1962B700D5FEF0 /* HomeView.swift in Sources */ = {isa = PBXBuildFile; fileRef = 39C01AD32B1962B700D5FEF0 /* HomeView.swift */; };
		39C01AD62B1962B800D5FEF0 /* Assets.xcassets in Resources */ = {isa = PBXBuildFile; fileRef = 39C01AD52B1962B800D5FEF0 /* Assets.xcassets */; };
		39C01AD92B1962B800D5FEF0 /* Preview Assets.xcassets in Resources */ = {isa = PBXBuildFile; fileRef = 39C01AD82B1962B800D5FEF0 /* Preview Assets.xcassets */; };
		39C01AE02B197C0F00D5FEF0 /* WebView.swift in Sources */ = {isa = PBXBuildFile; fileRef = 39C01ADF2B197C0F00D5FEF0 /* WebView.swift */; };
		39C01AE22B197C5700D5FEF0 /* EventViewModel.swift in Sources */ = {isa = PBXBuildFile; fileRef = 39C01AE12B197C5700D5FEF0 /* EventViewModel.swift */; };
		39C01AFE2B1986B000D5FEF0 /* WebViewInteractor.swift in Sources */ = {isa = PBXBuildFile; fileRef = 39C01AFD2B1986B000D5FEF0 /* WebViewInteractor.swift */; };
		39C01B012B19875000D5FEF0 /* WKWebViewInteractor.swift in Sources */ = {isa = PBXBuildFile; fileRef = 39C01B002B19875000D5FEF0 /* WKWebViewInteractor.swift */; };
/* End PBXBuildFile section */

/* Begin PBXFileReference section */
		39C01ACE2B1962B700D5FEF0 /* EventsExplorer.app */ = {isa = PBXFileReference; explicitFileType = wrapper.application; includeInIndex = 0; path = EventsExplorer.app; sourceTree = BUILT_PRODUCTS_DIR; };
		39C01AD12B1962B700D5FEF0 /* EventsExplorerApp.swift */ = {isa = PBXFileReference; lastKnownFileType = sourcecode.swift; path = EventsExplorerApp.swift; sourceTree = "<group>"; };
		39C01AD32B1962B700D5FEF0 /* HomeView.swift */ = {isa = PBXFileReference; lastKnownFileType = sourcecode.swift; path = HomeView.swift; sourceTree = "<group>"; };
		39C01AD52B1962B800D5FEF0 /* Assets.xcassets */ = {isa = PBXFileReference; lastKnownFileType = folder.assetcatalog; path = Assets.xcassets; sourceTree = "<group>"; };
		39C01AD82B1962B800D5FEF0 /* Preview Assets.xcassets */ = {isa = PBXFileReference; lastKnownFileType = folder.assetcatalog; path = "Preview Assets.xcassets"; sourceTree = "<group>"; };
		39C01ADF2B197C0F00D5FEF0 /* WebView.swift */ = {isa = PBXFileReference; lastKnownFileType = sourcecode.swift; path = WebView.swift; sourceTree = "<group>"; };
		39C01AE12B197C5700D5FEF0 /* EventViewModel.swift */ = {isa = PBXFileReference; lastKnownFileType = sourcecode.swift; path = EventViewModel.swift; sourceTree = "<group>"; };
		39C01AFD2B1986B000D5FEF0 /* WebViewInteractor.swift */ = {isa = PBXFileReference; lastKnownFileType = sourcecode.swift; path = WebViewInteractor.swift; sourceTree = "<group>"; };
		39C01B002B19875000D5FEF0 /* WKWebViewInteractor.swift */ = {isa = PBXFileReference; lastKnownFileType = sourcecode.swift; path = WKWebViewInteractor.swift; sourceTree = "<group>"; };
/* End PBXFileReference section */

/* Begin PBXFrameworksBuildPhase section */
		39C01ACB2B1962B700D5FEF0 /* Frameworks */ = {
			isa = PBXFrameworksBuildPhase;
			buildActionMask = 2147483647;
			files = (
			);
			runOnlyForDeploymentPostprocessing = 0;
		};
/* End PBXFrameworksBuildPhase section */

/* Begin PBXGroup section */
		39C01AC52B1962B700D5FEF0 = {
			isa = PBXGroup;
			children = (
				39C01AD02B1962B700D5FEF0 /* EventsExplorer */,
				39C01ACF2B1962B700D5FEF0 /* Products */,
			);
			sourceTree = "<group>";
		};
		39C01ACF2B1962B700D5FEF0 /* Products */ = {
			isa = PBXGroup;
			children = (
				39C01ACE2B1962B700D5FEF0 /* EventsExplorer.app */,
			);
			name = Products;
			sourceTree = "<group>";
		};
		39C01AD02B1962B700D5FEF0 /* EventsExplorer */ = {
			isa = PBXGroup;
			children = (
				39C01AD12B1962B700D5FEF0 /* EventsExplorerApp.swift */,
				39C01B032B19876D00D5FEF0 /* View */,
				39C01B022B19876100D5FEF0 /* ViewModel */,
				39C01AFF2B19873A00D5FEF0 /* WebViewInteractor */,
				39C01AD52B1962B800D5FEF0 /* Assets.xcassets */,
				39C01AD72B1962B800D5FEF0 /* Preview Content */,
			);
			path = EventsExplorer;
			sourceTree = "<group>";
		};
		39C01AD72B1962B800D5FEF0 /* Preview Content */ = {
			isa = PBXGroup;
			children = (
				39C01AD82B1962B800D5FEF0 /* Preview Assets.xcassets */,
			);
			path = "Preview Content";
			sourceTree = "<group>";
		};
		39C01AFF2B19873A00D5FEF0 /* WebViewInteractor */ = {
			isa = PBXGroup;
			children = (
				39C01AFD2B1986B000D5FEF0 /* WebViewInteractor.swift */,
				39C01B002B19875000D5FEF0 /* WKWebViewInteractor.swift */,
			);
			path = WebViewInteractor;
			sourceTree = "<group>";
		};
		39C01B022B19876100D5FEF0 /* ViewModel */ = {
			isa = PBXGroup;
			children = (
				39C01AE12B197C5700D5FEF0 /* EventViewModel.swift */,
			);
			path = ViewModel;
			sourceTree = "<group>";
		};
		39C01B032B19876D00D5FEF0 /* View */ = {
			isa = PBXGroup;
			children = (
				39C01AD32B1962B700D5FEF0 /* HomeView.swift */,
				39C01ADF2B197C0F00D5FEF0 /* WebView.swift */,
			);
			path = View;
			sourceTree = "<group>";
		};
/* End PBXGroup section */

/* Begin PBXNativeTarget section */
		39C01ACD2B1962B700D5FEF0 /* EventsExplorer */ = {
			isa = PBXNativeTarget;
			buildConfigurationList = 39C01ADC2B1962B800D5FEF0 /* Build configuration list for PBXNativeTarget "EventsExplorer" */;
			buildPhases = (
				39C01ACA2B1962B700D5FEF0 /* Sources */,
				39C01ACB2B1962B700D5FEF0 /* Frameworks */,
				39C01ACC2B1962B700D5FEF0 /* Resources */,
			);
			buildRules = (
			);
			dependencies = (
			);
			name = EventsExplorer;
			productName = EventsExplorer;
			productReference = 39C01ACE2B1962B700D5FEF0 /* EventsExplorer.app */;
			productType = "com.apple.product-type.application";
		};
/* End PBXNativeTarget section */

/* Begin PBXProject section */
		39C01AC62B1962B700D5FEF0 /* Project object */ = {
			isa = PBXProject;
			attributes = {
				BuildIndependentTargetsInParallel = 1;
				LastSwiftUpdateCheck = 1500;
				LastUpgradeCheck = 1500;
				TargetAttributes = {
					39C01ACD2B1962B700D5FEF0 = {
						CreatedOnToolsVersion = 15.0;
					};
				};
			};
			buildConfigurationList = 39C01AC92B1962B700D5FEF0 /* Build configuration list for PBXProject "EventsExplorer" */;
			compatibilityVersion = "Xcode 14.0";
			developmentRegion = en;
			hasScannedForEncodings = 0;
			knownRegions = (
				en,
				Base,
			);
			mainGroup = 39C01AC52B1962B700D5FEF0;
			productRefGroup = 39C01ACF2B1962B700D5FEF0 /* Products */;
			projectDirPath = "";
			projectRoot = "";
			targets = (
				39C01ACD2B1962B700D5FEF0 /* EventsExplorer */,
			);
		};
/* End PBXProject section */

/* Begin PBXResourcesBuildPhase section */
		39C01ACC2B1962B700D5FEF0 /* Resources */ = {
			isa = PBXResourcesBuildPhase;
			buildActionMask = 2147483647;
			files = (
				39C01AD92B1962B800D5FEF0 /* Preview Assets.xcassets in Resources */,
				39C01AD62B1962B800D5FEF0 /* Assets.xcassets in Resources */,
			);
			runOnlyForDeploymentPostprocessing = 0;
		};
/* End PBXResourcesBuildPhase section */

/* Begin PBXSourcesBuildPhase section */
		39C01ACA2B1962B700D5FEF0 /* Sources */ = {
			isa = PBXSourcesBuildPhase;
			buildActionMask = 2147483647;
			files = (
				39C01AE02B197C0F00D5FEF0 /* WebView.swift in Sources */,
				39C01AE22B197C5700D5FEF0 /* EventViewModel.swift in Sources */,
				39C01AFE2B1986B000D5FEF0 /* WebViewInteractor.swift in Sources */,
				39C01AD42B1962B700D5FEF0 /* HomeView.swift in Sources */,
				39C01B012B19875000D5FEF0 /* WKWebViewInteractor.swift in Sources */,
				39C01AD22B1962B700D5FEF0 /* EventsExplorerApp.swift in Sources */,
			);
			runOnlyForDeploymentPostprocessing = 0;
		};
/* End PBXSourcesBuildPhase section */

/* Begin XCBuildConfiguration section */
		39C01ADA2B1962B800D5FEF0 /* Debug */ = {
			isa = XCBuildConfiguration;
			buildSettings = {
				ALWAYS_SEARCH_USER_PATHS = NO;
				ASSETCATALOG_COMPILER_GENERATE_SWIFT_ASSET_SYMBOL_EXTENSIONS = YES;
				CLANG_ANALYZER_NONNULL = YES;
				CLANG_ANALYZER_NUMBER_OBJECT_CONVERSION = YES_AGGRESSIVE;
				CLANG_CXX_LANGUAGE_STANDARD = "gnu++20";
				CLANG_ENABLE_MODULES = YES;
				CLANG_ENABLE_OBJC_ARC = YES;
				CLANG_ENABLE_OBJC_WEAK = YES;
				CLANG_WARN_BLOCK_CAPTURE_AUTORELEASING = YES;
				CLANG_WARN_BOOL_CONVERSION = YES;
				CLANG_WARN_COMMA = YES;
				CLANG_WARN_CONSTANT_CONVERSION = YES;
				CLANG_WARN_DEPRECATED_OBJC_IMPLEMENTATIONS = YES;
				CLANG_WARN_DIRECT_OBJC_ISA_USAGE = YES_ERROR;
				CLANG_WARN_DOCUMENTATION_COMMENTS = YES;
				CLANG_WARN_EMPTY_BODY = YES;
				CLANG_WARN_ENUM_CONVERSION = YES;
				CLANG_WARN_INFINITE_RECURSION = YES;
				CLANG_WARN_INT_CONVERSION = YES;
				CLANG_WARN_NON_LITERAL_NULL_CONVERSION = YES;
				CLANG_WARN_OBJC_IMPLICIT_RETAIN_SELF = YES;
				CLANG_WARN_OBJC_LITERAL_CONVERSION = YES;
				CLANG_WARN_OBJC_ROOT_CLASS = YES_ERROR;
				CLANG_WARN_QUOTED_INCLUDE_IN_FRAMEWORK_HEADER = YES;
				CLANG_WARN_RANGE_LOOP_ANALYSIS = YES;
				CLANG_WARN_STRICT_PROTOTYPES = YES;
				CLANG_WARN_SUSPICIOUS_MOVE = YES;
				CLANG_WARN_UNGUARDED_AVAILABILITY = YES_AGGRESSIVE;
				CLANG_WARN_UNREACHABLE_CODE = YES;
				CLANG_WARN__DUPLICATE_METHOD_MATCH = YES;
				COPY_PHASE_STRIP = NO;
				DEBUG_INFORMATION_FORMAT = dwarf;
				ENABLE_STRICT_OBJC_MSGSEND = YES;
				ENABLE_TESTABILITY = YES;
				ENABLE_USER_SCRIPT_SANDBOXING = YES;
				GCC_C_LANGUAGE_STANDARD = gnu17;
				GCC_DYNAMIC_NO_PIC = NO;
				GCC_NO_COMMON_BLOCKS = YES;
				GCC_OPTIMIZATION_LEVEL = 0;
				GCC_PREPROCESSOR_DEFINITIONS = (
					"DEBUG=1",
					"$(inherited)",
				);
				GCC_WARN_64_TO_32_BIT_CONVERSION = YES;
				GCC_WARN_ABOUT_RETURN_TYPE = YES_ERROR;
				GCC_WARN_UNDECLARED_SELECTOR = YES;
				GCC_WARN_UNINITIALIZED_AUTOS = YES_AGGRESSIVE;
				GCC_WARN_UNUSED_FUNCTION = YES;
				GCC_WARN_UNUSED_VARIABLE = YES;
				IPHONEOS_DEPLOYMENT_TARGET = 17.0;
				LOCALIZATION_PREFERS_STRING_CATALOGS = YES;
				MTL_ENABLE_DEBUG_INFO = INCLUDE_SOURCE;
				MTL_FAST_MATH = YES;
				ONLY_ACTIVE_ARCH = YES;
				SDKROOT = iphoneos;
				SWIFT_ACTIVE_COMPILATION_CONDITIONS = "DEBUG $(inherited)";
				SWIFT_OPTIMIZATION_LEVEL = "-Onone";
			};
			name = Debug;
		};
		39C01ADB2B1962B800D5FEF0 /* Release */ = {
			isa = XCBuildConfiguration;
			buildSettings = {
				ALWAYS_SEARCH_USER_PATHS = NO;
				ASSETCATALOG_COMPILER_GENERATE_SWIFT_ASSET_SYMBOL_EXTENSIONS = YES;
				CLANG_ANALYZER_NONNULL = YES;
				CLANG_ANALYZER_NUMBER_OBJECT_CONVERSION = YES_AGGRESSIVE;
				CLANG_CXX_LANGUAGE_STANDARD = "gnu++20";
				CLANG_ENABLE_MODULES = YES;
				CLANG_ENABLE_OBJC_ARC = YES;
				CLANG_ENABLE_OBJC_WEAK = YES;
				CLANG_WARN_BLOCK_CAPTURE_AUTORELEASING = YES;
				CLANG_WARN_BOOL_CONVERSION = YES;
				CLANG_WARN_COMMA = YES;
				CLANG_WARN_CONSTANT_CONVERSION = YES;
				CLANG_WARN_DEPRECATED_OBJC_IMPLEMENTATIONS = YES;
				CLANG_WARN_DIRECT_OBJC_ISA_USAGE = YES_ERROR;
				CLANG_WARN_DOCUMENTATION_COMMENTS = YES;
				CLANG_WARN_EMPTY_BODY = YES;
				CLANG_WARN_ENUM_CONVERSION = YES;
				CLANG_WARN_INFINITE_RECURSION = YES;
				CLANG_WARN_INT_CONVERSION = YES;
				CLANG_WARN_NON_LITERAL_NULL_CONVERSION = YES;
				CLANG_WARN_OBJC_IMPLICIT_RETAIN_SELF = YES;
				CLANG_WARN_OBJC_LITERAL_CONVERSION = YES;
				CLANG_WARN_OBJC_ROOT_CLASS = YES_ERROR;
				CLANG_WARN_QUOTED_INCLUDE_IN_FRAMEWORK_HEADER = YES;
				CLANG_WARN_RANGE_LOOP_ANALYSIS = YES;
				CLANG_WARN_STRICT_PROTOTYPES = YES;
				CLANG_WARN_SUSPICIOUS_MOVE = YES;
				CLANG_WARN_UNGUARDED_AVAILABILITY = YES_AGGRESSIVE;
				CLANG_WARN_UNREACHABLE_CODE = YES;
				CLANG_WARN__DUPLICATE_METHOD_MATCH = YES;
				COPY_PHASE_STRIP = NO;
				DEBUG_INFORMATION_FORMAT = "dwarf-with-dsym";
				ENABLE_NS_ASSERTIONS = NO;
				ENABLE_STRICT_OBJC_MSGSEND = YES;
				ENABLE_USER_SCRIPT_SANDBOXING = YES;
				GCC_C_LANGUAGE_STANDARD = gnu17;
				GCC_NO_COMMON_BLOCKS = YES;
				GCC_WARN_64_TO_32_BIT_CONVERSION = YES;
				GCC_WARN_ABOUT_RETURN_TYPE = YES_ERROR;
				GCC_WARN_UNDECLARED_SELECTOR = YES;
				GCC_WARN_UNINITIALIZED_AUTOS = YES_AGGRESSIVE;
				GCC_WARN_UNUSED_FUNCTION = YES;
				GCC_WARN_UNUSED_VARIABLE = YES;
				IPHONEOS_DEPLOYMENT_TARGET = 17.0;
				LOCALIZATION_PREFERS_STRING_CATALOGS = YES;
				MTL_ENABLE_DEBUG_INFO = NO;
				MTL_FAST_MATH = YES;
				SDKROOT = iphoneos;
				SWIFT_COMPILATION_MODE = wholemodule;
				VALIDATE_PRODUCT = YES;
			};
			name = Release;
		};
		39C01ADD2B1962B800D5FEF0 /* Debug */ = {
			isa = XCBuildConfiguration;
			buildSettings = {
				ASSETCATALOG_COMPILER_APPICON_NAME = AppIcon;
				ASSETCATALOG_COMPILER_GLOBAL_ACCENT_COLOR_NAME = AccentColor;
				CODE_SIGN_STYLE = Automatic;
				CURRENT_PROJECT_VERSION = 1;
				DEVELOPMENT_ASSET_PATHS = "\"EventsExplorer/Preview Content\"";
				DEVELOPMENT_TEAM = PQ5FS4VVLR;
				ENABLE_PREVIEWS = YES;
				GENERATE_INFOPLIST_FILE = YES;
				INFOPLIST_KEY_UIApplicationSceneManifest_Generation = YES;
				INFOPLIST_KEY_UIApplicationSupportsIndirectInputEvents = YES;
				INFOPLIST_KEY_UILaunchScreen_Generation = YES;
				INFOPLIST_KEY_UISupportedInterfaceOrientations_iPad = "UIInterfaceOrientationPortrait UIInterfaceOrientationPortraitUpsideDown UIInterfaceOrientationLandscapeLeft UIInterfaceOrientationLandscapeRight";
				INFOPLIST_KEY_UISupportedInterfaceOrientations_iPhone = "UIInterfaceOrientationPortrait UIInterfaceOrientationLandscapeLeft UIInterfaceOrientationLandscapeRight";
				LD_RUNPATH_SEARCH_PATHS = (
					"$(inherited)",
					"@executable_path/Frameworks",
				);
				MARKETING_VERSION = 1.0;
				PRODUCT_BUNDLE_IDENTIFIER = com.koo.terry.EventsExplorer;
				PRODUCT_NAME = "$(TARGET_NAME)";
				SWIFT_EMIT_LOC_STRINGS = YES;
				SWIFT_VERSION = 5.0;
				TARGETED_DEVICE_FAMILY = "1,2";
			};
			name = Debug;
		};
		39C01ADE2B1962B800D5FEF0 /* Release */ = {
			isa = XCBuildConfiguration;
			buildSettings = {
				ASSETCATALOG_COMPILER_APPICON_NAME = AppIcon;
				ASSETCATALOG_COMPILER_GLOBAL_ACCENT_COLOR_NAME = AccentColor;
				CODE_SIGN_STYLE = Automatic;
				CURRENT_PROJECT_VERSION = 1;
				DEVELOPMENT_ASSET_PATHS = "\"EventsExplorer/Preview Content\"";
				DEVELOPMENT_TEAM = PQ5FS4VVLR;
				ENABLE_PREVIEWS = YES;
				GENERATE_INFOPLIST_FILE = YES;
				INFOPLIST_KEY_UIApplicationSceneManifest_Generation = YES;
				INFOPLIST_KEY_UIApplicationSupportsIndirectInputEvents = YES;
				INFOPLIST_KEY_UILaunchScreen_Generation = YES;
				INFOPLIST_KEY_UISupportedInterfaceOrientations_iPad = "UIInterfaceOrientationPortrait UIInterfaceOrientationPortraitUpsideDown UIInterfaceOrientationLandscapeLeft UIInterfaceOrientationLandscapeRight";
				INFOPLIST_KEY_UISupportedInterfaceOrientations_iPhone = "UIInterfaceOrientationPortrait UIInterfaceOrientationLandscapeLeft UIInterfaceOrientationLandscapeRight";
				LD_RUNPATH_SEARCH_PATHS = (
					"$(inherited)",
					"@executable_path/Frameworks",
				);
				MARKETING_VERSION = 1.0;
				PRODUCT_BUNDLE_IDENTIFIER = com.koo.terry.EventsExplorer;
				PRODUCT_NAME = "$(TARGET_NAME)";
				SWIFT_EMIT_LOC_STRINGS = YES;
				SWIFT_VERSION = 5.0;
				TARGETED_DEVICE_FAMILY = "1,2";
			};
			name = Release;
		};
/* End XCBuildConfiguration section */

/* Begin XCConfigurationList section */
		39C01AC92B1962B700D5FEF0 /* Build configuration list for PBXProject "EventsExplorer" */ = {
			isa = XCConfigurationList;
			buildConfigurations = (
				39C01ADA2B1962B800D5FEF0 /* Debug */,
				39C01ADB2B1962B800D5FEF0 /* Release */,
			);
			defaultConfigurationIsVisible = 0;
			defaultConfigurationName = Release;
		};
		39C01ADC2B1962B800D5FEF0 /* Build configuration list for PBXNativeTarget "EventsExplorer" */ = {
			isa = XCConfigurationList;
			buildConfigurations = (
				39C01ADD2B1962B800D5FEF0 /* Debug */,
				39C01ADE2B1962B800D5FEF0 /* Release */,
			);
			defaultConfigurationIsVisible = 0;
			defaultConfigurationName = Release;
		};
/* End XCConfigurationList section */
	};
	rootObject = 39C01AC62B1962B700D5FEF0 /* Project object */;
}
